
Microsoft Visual Studio Solution File, Format Version 12.00
# Visual Studio Version 16
VisualStudioVersion = 16.0.29519.181
MinimumVisualStudioVersion = 10.0.40219.1
Project("{FAE04EC0-301F-11D3-BF4B-00C04F79EFBC}") = "SurfBoard", "SurfBoard\SurfBoard.csproj", "{686C0F96-195C-4E71-8517-B99A48439C7C}"
EndProject
Global
	GlobalSection(SolutionConfigurationPlatforms) = preSolution
		Debug|Any CPU = Debug|Any CPU
		Release|Any CPU = Release|Any CPU
	EndGlobalSection
	GlobalSection(ProjectConfigurationPlatforms) = postSolution
		{686C0F96-195C-4E71-8517-B99A48439C7C}.Debug|Any CPU.ActiveCfg = Debug|Any CPU
		{686C0F96-195C-4E71-8517-B99A48439C7C}.Debug|Any CPU.Build.0 = Debug|Any CPU
		{686C0F96-195C-4E71-8517-B99A48439C7C}.Release|Any CPU.ActiveCfg = Release|Any CPU
		{686C0F96-195C-4E71-8517-B99A48439C7C}.Release|Any CPU.Build.0 = Release|Any CPU
	EndGlobalSection
	GlobalSection(SolutionProperties) = preSolution
		HideSolutionNode = FALSE
	EndGlobalSection
	GlobalSection(ExtensibilityGlobals) = postSolution
		SolutionGuid = {8088BC8A-BF52-4CCC-8513-24C1872C9839}
	EndGlobalSection
EndGlobal
